
Microsoft Visual Studio Solution File, Format Version 12.00
# Visual Studio 15
VisualStudioVersion = 15.0.28307.539
MinimumVisualStudioVersion = 10.0.40219.1
Project("{FAE04EC0-301F-11D3-BF4B-00C04F79EFBC}") = "DemoControlsXamarin.Android", "DemoControlsXamarin\DemoControlsXamarin.Android\DemoControlsXamarin.Android.csproj", "{5A549388-4FD7-4C94-AFB0-4477B4CB7020}"
EndProject
Project("{FAE04EC0-301F-11D3-BF4B-00C04F79EFBC}") = "DemoControlsXamarin.iOS", "DemoControlsXamarin\DemoControlsXamarin.iOS\DemoControlsXamarin.iOS.csproj", "{A6798606-E4C9-4FCC-88A9-C86EA842516D}"
EndProject
Project("{FAE04EC0-301F-11D3-BF4B-00C04F79EFBC}") = "DemoControlsXamarin.UWP", "DemoControlsXamarin\DemoControlsXamarin.UWP\DemoControlsXamarin.UWP.csproj", "{A5E41137-E01C-4988-8C16-E3A5CF193736}"
EndProject
Project("{FAE04EC0-301F-11D3-BF4B-00C04F79EFBC}") = "DemoControlsXamarin", "DemoControlsXamarin\DemoControlsXamarin\DemoControlsXamarin.csproj", "{05246F20-B442-44CA-81FF-E088F7CC9DB1}"
EndProject
Global
	GlobalSection(SolutionConfigurationPlatforms) = preSolution
		Ad-Hoc|Any CPU = Ad-Hoc|Any CPU
		Ad-Hoc|ARM = Ad-Hoc|ARM
		Ad-Hoc|iPhone = Ad-Hoc|iPhone
		Ad-Hoc|iPhoneSimulator = Ad-Hoc|iPhoneSimulator
		Ad-Hoc|x64 = Ad-Hoc|x64
		Ad-Hoc|x86 = Ad-Hoc|x86
		AppStore|Any CPU = AppStore|Any CPU
		AppStore|ARM = AppStore|ARM
		AppStore|iPhone = AppStore|iPhone
		AppStore|iPhoneSimulator = AppStore|iPhoneSimulator
		AppStore|x64 = AppStore|x64
		AppStore|x86 = AppStore|x86
		Debug|Any CPU = Debug|Any CPU
		Debug|ARM = Debug|ARM
		Debug|iPhone = Debug|iPhone
		Debug|iPhoneSimulator = Debug|iPhoneSimulator
		Debug|x64 = Debug|x64
		Debug|x86 = Debug|x86
		Release|Any CPU = Release|Any CPU
		Release|ARM = Release|ARM
		Release|iPhone = Release|iPhone
		Release|iPhoneSimulator = Release|iPhoneSimulator
		Release|x64 = Release|x64
		Release|x86 = Release|x86
	EndGlobalSection
	GlobalSection(ProjectConfigurationPlatforms) = postSolution
		{5A549388-4FD7-4C94-AFB0-4477B4CB7020}.Ad-Hoc|Any CPU.ActiveCfg = Release|Any CPU
		{5A549388-4FD7-4C94-AFB0-4477B4CB7020}.Ad-Hoc|Any CPU.Build.0 = Release|Any CPU
		{5A549388-4FD7-4C94-AFB0-4477B4CB7020}.Ad-Hoc|Any CPU.Deploy.0 = Release|Any CPU
		{5A549388-4FD7-4C94-AFB0-4477B4CB7020}.Ad-Hoc|ARM.ActiveCfg = Release|Any CPU
		{5A549388-4FD7-4C94-AFB0-4477B4CB7020}.Ad-Hoc|ARM.Build.0 = Release|Any CPU
		{5A549388-4FD7-4C94-AFB0-4477B4CB7020}.Ad-Hoc|ARM.Deploy.0 = Release|Any CPU
		{5A549388-4FD7-4C94-AFB0-4477B4CB7020}.Ad-Hoc|iPhone.ActiveCfg = Release|Any CPU
		{5A549388-4FD7-4C94-AFB0-4477B4CB7020}.Ad-Hoc|iPhone.Build.0 = Release|Any CPU
		{5A549388-4FD7-4C94-AFB0-4477B4CB7020}.Ad-Hoc|iPhone.Deploy.0 = Release|Any CPU
		{5A549388-4FD7-4C94-AFB0-4477B4CB7020}.Ad-Hoc|iPhoneSimulator.ActiveCfg = Release|Any CPU
		{5A549388-4FD7-4C94-AFB0-4477B4CB7020}.Ad-Hoc|iPhoneSimulator.Build.0 = Release|Any CPU
		{5A549388-4FD7-4C94-AFB0-4477B4CB7020}.Ad-Hoc|iPhoneSimulator.Deploy.0 = Release|Any CPU
		{5A549388-4FD7-4C94-AFB0-4477B4CB7020}.Ad-Hoc|x64.ActiveCfg = Release|Any CPU
		{5A549388-4FD7-4C94-AFB0-4477B4CB7020}.Ad-Hoc|x64.Build.0 = Release|Any CPU
		{5A549388-4FD7-4C94-AFB0-4477B4CB7020}.Ad-Hoc|x64.Deploy.0 = Release|Any CPU
		{5A549388-4FD7-4C94-AFB0-4477B4CB7020}.Ad-Hoc|x86.ActiveCfg = Release|Any CPU
		{5A549388-4FD7-4C94-AFB0-4477B4CB7020}.Ad-Hoc|x86.Build.0 = Release|Any CPU
		{5A549388-4FD7-4C94-AFB0-4477B4CB7020}.Ad-Hoc|x86.Deploy.0 = Release|Any CPU
		{5A549388-4FD7-4C94-AFB0-4477B4CB7020}.AppStore|Any CPU.ActiveCfg = Release|Any CPU
		{5A549388-4FD7-4C94-AFB0-4477B4CB7020}.AppStore|Any CPU.Build.0 = Release|Any CPU
		{5A549388-4FD7-4C94-AFB0-4477B4CB7020}.AppStore|Any CPU.Deploy.0 = Release|Any CPU
		{5A549388-4FD7-4C94-AFB0-4477B4CB7020}.AppStore|ARM.ActiveCfg = Release|Any CPU
		{5A549388-4FD7-4C94-AFB0-4477B4CB7020}.AppStore|ARM.Build.0 = Release|Any CPU
		{5A549388-4FD7-4C94-AFB0-4477B4CB7020}.AppStore|ARM.Deploy.0 = Release|Any CPU
		{5A549388-4FD7-4C94-AFB0-4477B4CB7020}.AppStore|iPhone.ActiveCfg = Release|Any CPU
		{5A549388-4FD7-4C94-AFB0-4477B4CB7020}.AppStore|iPhone.Build.0 = Release|Any CPU
		{5A549388-4FD7-4C94-AFB0-4477B4CB7020}.AppStore|iPhone.Deploy.0 = Release|Any CPU
		{5A549388-4FD7-4C94-AFB0-4477B4CB7020}.AppStore|iPhoneSimulator.ActiveCfg = Release|Any CPU
		{5A549388-4FD7-4C94-AFB0-4477B4CB7020}.AppStore|iPhoneSimulator.Build.0 = Release|Any CPU
		{5A549388-4FD7-4C94-AFB0-4477B4CB7020}.AppStore|iPhoneSimulator.Deploy.0 = Release|Any CPU
		{5A549388-4FD7-4C94-AFB0-4477B4CB7020}.AppStore|x64.ActiveCfg = Release|Any CPU
		{5A549388-4FD7-4C94-AFB0-4477B4CB7020}.AppStore|x64.Build.0 = Release|Any CPU
		{5A549388-4FD7-4C94-AFB0-4477B4CB7020}.AppStore|x64.Deploy.0 = Release|Any CPU
		{5A549388-4FD7-4C94-AFB0-4477B4CB7020}.AppStore|x86.ActiveCfg = Release|Any CPU
		{5A549388-4FD7-4C94-AFB0-4477B4CB7020}.AppStore|x86.Build.0 = Release|Any CPU
		{5A549388-4FD7-4C94-AFB0-4477B4CB7020}.AppStore|x86.Deploy.0 = Release|Any CPU
		{5A549388-4FD7-4C94-AFB0-4477B4CB7020}.Debug|Any CPU.ActiveCfg = Debug|Any CPU
		{5A549388-4FD7-4C94-AFB0-4477B4CB7020}.Debug|Any CPU.Build.0 = Debug|Any CPU
		{5A549388-4FD7-4C94-AFB0-4477B4CB7020}.Debug|Any CPU.Deploy.0 = Debug|Any CPU
		{5A549388-4FD7-4C94-AFB0-4477B4CB7020}.Debug|ARM.ActiveCfg = Debug|Any CPU
		{5A549388-4FD7-4C94-AFB0-4477B4CB7020}.Debug|ARM.Build.0 = Debug|Any CPU
		{5A549388-4FD7-4C94-AFB0-4477B4CB7020}.Debug|ARM.Deploy.0 = Debug|Any CPU
		{5A549388-4FD7-4C94-AFB0-4477B4CB7020}.Debug|iPhone.ActiveCfg = Debug|Any CPU
		{5A549388-4FD7-4C94-AFB0-4477B4CB7020}.Debug|iPhone.Build.0 = Debug|Any CPU
		{5A549388-4FD7-4C94-AFB0-4477B4CB7020}.Debug|iPhone.Deploy.0 = Debug|Any CPU
		{5A549388-4FD7-4C94-AFB0-4477B4CB7020}.Debug|iPhoneSimulator.ActiveCfg = Debug|Any CPU
		{5A549388-4FD7-4C94-AFB0-4477B4CB7020}.Debug|iPhoneSimulator.Build.0 = Debug|Any CPU
		{5A549388-4FD7-4C94-AFB0-4477B4CB7020}.Debug|iPhoneSimulator.Deploy.0 = Debug|Any CPU
		{5A549388-4FD7-4C94-AFB0-4477B4CB7020}.Debug|x64.ActiveCfg = Debug|Any CPU
		{5A549388-4FD7-4C94-AFB0-4477B4CB7020}.Debug|x64.Build.0 = Debug|Any CPU
		{5A549388-4FD7-4C94-AFB0-4477B4CB7020}.Debug|x64.Deploy.0 = Debug|Any CPU
		{5A549388-4FD7-4C94-AFB0-4477B4CB7020}.Debug|x86.ActiveCfg = Debug|Any CPU
		{5A549388-4FD7-4C94-AFB0-4477B4CB7020}.Debug|x86.Build.0 = Debug|Any CPU
		{5A549388-4FD7-4C94-AFB0-4477B4CB7020}.Debug|x86.Deploy.0 = Debug|Any CPU
		{5A549388-4FD7-4C94-AFB0-4477B4CB7020}.Release|Any CPU.ActiveCfg = Release|Any CPU
		{5A549388-4FD7-4C94-AFB0-4477B4CB7020}.Release|Any CPU.Build.0 = Release|Any CPU
		{5A549388-4FD7-4C94-AFB0-4477B4CB7020}.Release|Any CPU.Deploy.0 = Release|Any CPU
		{5A549388-4FD7-4C94-AFB0-4477B4CB7020}.Release|ARM.ActiveCfg = Release|Any CPU
		{5A549388-4FD7-4C94-AFB0-4477B4CB7020}.Release|ARM.Build.0 = Release|Any CPU
		{5A549388-4FD7-4C94-AFB0-4477B4CB7020}.Release|ARM.Deploy.0 = Release|Any CPU
		{5A549388-4FD7-4C94-AFB0-4477B4CB7020}.Release|iPhone.ActiveCfg = Release|Any CPU
		{5A549388-4FD7-4C94-AFB0-4477B4CB7020}.Release|iPhone.Build.0 = Release|Any CPU
		{5A549388-4FD7-4C94-AFB0-4477B4CB7020}.Release|iPhone.Deploy.0 = Release|Any CPU
		{5A549388-4FD7-4C94-AFB0-4477B4CB7020}.Release|iPhoneSimulator.ActiveCfg = Release|Any CPU
		{5A549388-4FD7-4C94-AFB0-4477B4CB7020}.Release|iPhoneSimulator.Build.0 = Release|Any CPU
		{5A549388-4FD7-4C94-AFB0-4477B4CB7020}.Release|iPhoneSimulator.Deploy.0 = Release|Any CPU
		{5A549388-4FD7-4C94-AFB0-4477B4CB7020}.Release|x64.ActiveCfg = Release|Any CPU
		{5A549388-4FD7-4C94-AFB0-4477B4CB7020}.Release|x64.Build.0 = Release|Any CPU
		{5A549388-4FD7-4C94-AFB0-4477B4CB7020}.Release|x64.Deploy.0 = Release|Any CPU
		{5A549388-4FD7-4C94-AFB0-4477B4CB7020}.Release|x86.ActiveCfg = Release|Any CPU
		{5A549388-4FD7-4C94-AFB0-4477B4CB7020}.Release|x86.Build.0 = Release|Any CPU
		{5A549388-4FD7-4C94-AFB0-4477B4CB7020}.Release|x86.Deploy.0 = Release|Any CPU
		{A6798606-E4C9-4FCC-88A9-C86EA842516D}.Ad-Hoc|Any CPU.ActiveCfg = Ad-Hoc|iPhone
		{A6798606-E4C9-4FCC-88A9-C86EA842516D}.Ad-Hoc|Any CPU.Build.0 = Ad-Hoc|iPhone
		{A6798606-E4C9-4FCC-88A9-C86EA842516D}.Ad-Hoc|Any CPU.Deploy.0 = Ad-Hoc|iPhone
		{A6798606-E4C9-4FCC-88A9-C86EA842516D}.Ad-Hoc|ARM.ActiveCfg = Ad-Hoc|iPhone
		{A6798606-E4C9-4FCC-88A9-C86EA842516D}.Ad-Hoc|ARM.Build.0 = Ad-Hoc|iPhone
		{A6798606-E4C9-4FCC-88A9-C86EA842516D}.Ad-Hoc|ARM.Deploy.0 = Ad-Hoc|iPhone
		{A6798606-E4C9-4FCC-88A9-C86EA842516D}.Ad-Hoc|iPhone.ActiveCfg = Ad-Hoc|iPhone
		{A6798606-E4C9-4FCC-88A9-C86EA842516D}.Ad-Hoc|iPhone.Build.0 = Ad-Hoc|iPhone
		{A6798606-E4C9-4FCC-88A9-C86EA842516D}.Ad-Hoc|iPhone.Deploy.0 = Ad-Hoc|iPhone
		{A6798606-E4C9-4FCC-88A9-C86EA842516D}.Ad-Hoc|iPhoneSimulator.ActiveCfg = Ad-Hoc|iPhoneSimulator
		{A6798606-E4C9-4FCC-88A9-C86EA842516D}.Ad-Hoc|iPhoneSimulator.Build.0 = Ad-Hoc|iPhoneSimulator
		{A6798606-E4C9-4FCC-88A9-C86EA842516D}.Ad-Hoc|iPhoneSimulator.Deploy.0 = Ad-Hoc|iPhoneSimulator
		{A6798606-E4C9-4FCC-88A9-C86EA842516D}.Ad-Hoc|x64.ActiveCfg = Ad-Hoc|iPhone
		{A6798606-E4C9-4FCC-88A9-C86EA842516D}.Ad-Hoc|x64.Build.0 = Ad-Hoc|iPhone
		{A6798606-E4C9-4FCC-88A9-C86EA842516D}.Ad-Hoc|x64.Deploy.0 = Ad-Hoc|iPhone
		{A6798606-E4C9-4FCC-88A9-C86EA842516D}.Ad-Hoc|x86.ActiveCfg = Ad-Hoc|iPhone
		{A6798606-E4C9-4FCC-88A9-C86EA842516D}.Ad-Hoc|x86.Build.0 = Ad-Hoc|iPhone
		{A6798606-E4C9-4FCC-88A9-C86EA842516D}.Ad-Hoc|x86.Deploy.0 = Ad-Hoc|iPhone
		{A6798606-E4C9-4FCC-88A9-C86EA842516D}.AppStore|Any CPU.ActiveCfg = AppStore|iPhone
		{A6798606-E4C9-4FCC-88A9-C86EA842516D}.AppStore|Any CPU.Build.0 = AppStore|iPhone
		{A6798606-E4C9-4FCC-88A9-C86EA842516D}.AppStore|Any CPU.Deploy.0 = AppStore|iPhone
		{A6798606-E4C9-4FCC-88A9-C86EA842516D}.AppStore|ARM.ActiveCfg = AppStore|iPhone
		{A6798606-E4C9-4FCC-88A9-C86EA842516D}.AppStore|ARM.Build.0 = AppStore|iPhone
		{A6798606-E4C9-4FCC-88A9-C86EA842516D}.AppStore|ARM.Deploy.0 = AppStore|iPhone
		{A6798606-E4C9-4FCC-88A9-C86EA842516D}.AppStore|iPhone.ActiveCfg = AppStore|iPhone
		{A6798606-E4C9-4FCC-88A9-C86EA842516D}.AppStore|iPhone.Build.0 = AppStore|iPhone
		{A6798606-E4C9-4FCC-88A9-C86EA842516D}.AppStore|iPhone.Deploy.0 = AppStore|iPhone
		{A6798606-E4C9-4FCC-88A9-C86EA842516D}.AppStore|iPhoneSimulator.ActiveCfg = AppStore|iPhoneSimulator
		{A6798606-E4C9-4FCC-88A9-C86EA842516D}.AppStore|iPhoneSimulator.Build.0 = AppStore|iPhoneSimulator
		{A6798606-E4C9-4FCC-88A9-C86EA842516D}.AppStore|iPhoneSimulator.Deploy.0 = AppStore|iPhoneSimulator
		{A6798606-E4C9-4FCC-88A9-C86EA842516D}.AppStore|x64.ActiveCfg = AppStore|iPhone
		{A6798606-E4C9-4FCC-88A9-C86EA842516D}.AppStore|x64.Build.0 = AppStore|iPhone
		{A6798606-E4C9-4FCC-88A9-C86EA842516D}.AppStore|x64.Deploy.0 = AppStore|iPhone
		{A6798606-E4C9-4FCC-88A9-C86EA842516D}.AppStore|x86.ActiveCfg = AppStore|iPhone
		{A6798606-E4C9-4FCC-88A9-C86EA842516D}.AppStore|x86.Build.0 = AppStore|iPhone
		{A6798606-E4C9-4FCC-88A9-C86EA842516D}.AppStore|x86.Deploy.0 = AppStore|iPhone
		{A6798606-E4C9-4FCC-88A9-C86EA842516D}.Debug|Any CPU.ActiveCfg = Debug|iPhoneSimulator
		{A6798606-E4C9-4FCC-88A9-C86EA842516D}.Debug|Any CPU.Build.0 = Debug|iPhoneSimulator
		{A6798606-E4C9-4FCC-88A9-C86EA842516D}.Debug|Any CPU.Deploy.0 = Debug|iPhoneSimulator
		{A6798606-E4C9-4FCC-88A9-C86EA842516D}.Debug|ARM.ActiveCfg = Debug|iPhone
		{A6798606-E4C9-4FCC-88A9-C86EA842516D}.Debug|ARM.Build.0 = Debug|iPhone
		{A6798606-E4C9-4FCC-88A9-C86EA842516D}.Debug|ARM.Deploy.0 = Debug|iPhone
		{A6798606-E4C9-4FCC-88A9-C86EA842516D}.Debug|iPhone.ActiveCfg = Debug|iPhone
		{A6798606-E4C9-4FCC-88A9-C86EA842516D}.Debug|iPhone.Build.0 = Debug|iPhone
		{A6798606-E4C9-4FCC-88A9-C86EA842516D}.Debug|iPhone.Deploy.0 = Debug|iPhone
		{A6798606-E4C9-4FCC-88A9-C86EA842516D}.Debug|iPhoneSimulator.ActiveCfg = Debug|iPhoneSimulator
		{A6798606-E4C9-4FCC-88A9-C86EA842516D}.Debug|iPhoneSimulator.Build.0 = Debug|iPhoneSimulator
		{A6798606-E4C9-4FCC-88A9-C86EA842516D}.Debug|iPhoneSimulator.Deploy.0 = Debug|iPhoneSimulator
		{A6798606-E4C9-4FCC-88A9-C86EA842516D}.Debug|x64.ActiveCfg = Debug|iPhone
		{A6798606-E4C9-4FCC-88A9-C86EA842516D}.Debug|x64.Build.0 = Debug|iPhone
		{A6798606-E4C9-4FCC-88A9-C86EA842516D}.Debug|x64.Deploy.0 = Debug|iPhone
		{A6798606-E4C9-4FCC-88A9-C86EA842516D}.Debug|x86.ActiveCfg = Debug|iPhone
		{A6798606-E4C9-4FCC-88A9-C86EA842516D}.Debug|x86.Build.0 = Debug|iPhone
		{A6798606-E4C9-4FCC-88A9-C86EA842516D}.Debug|x86.Deploy.0 = Debug|iPhone
		{A6798606-E4C9-4FCC-88A9-C86EA842516D}.Release|Any CPU.ActiveCfg = Release|iPhone
		{A6798606-E4C9-4FCC-88A9-C86EA842516D}.Release|Any CPU.Build.0 = Release|iPhone
		{A6798606-E4C9-4FCC-88A9-C86EA842516D}.Release|Any CPU.Deploy.0 = Release|iPhone
		{A6798606-E4C9-4FCC-88A9-C86EA842516D}.Release|ARM.ActiveCfg = Release|iPhone
		{A6798606-E4C9-4FCC-88A9-C86EA842516D}.Release|ARM.Build.0 = Release|iPhone
		{A6798606-E4C9-4FCC-88A9-C86EA842516D}.Release|ARM.Deploy.0 = Release|iPhone
		{A6798606-E4C9-4FCC-88A9-C86EA842516D}.Release|iPhone.ActiveCfg = Release|iPhone
		{A6798606-E4C9-4FCC-88A9-C86EA842516D}.Release|iPhone.Build.0 = Release|iPhone
		{A6798606-E4C9-4FCC-88A9-C86EA842516D}.Release|iPhone.Deploy.0 = Release|iPhone
		{A6798606-E4C9-4FCC-88A9-C86EA842516D}.Release|iPhoneSimulator.ActiveCfg = Release|iPhoneSimulator
		{A6798606-E4C9-4FCC-88A9-C86EA842516D}.Release|iPhoneSimulator.Build.0 = Release|iPhoneSimulator
		{A6798606-E4C9-4FCC-88A9-C86EA842516D}.Release|iPhoneSimulator.Deploy.0 = Release|iPhoneSimulator
		{A6798606-E4C9-4FCC-88A9-C86EA842516D}.Release|x64.ActiveCfg = Release|iPhone
		{A6798606-E4C9-4FCC-88A9-C86EA842516D}.Release|x64.Build.0 = Release|iPhone
		{A6798606-E4C9-4FCC-88A9-C86EA842516D}.Release|x64.Deploy.0 = Release|iPhone
		{A6798606-E4C9-4FCC-88A9-C86EA842516D}.Release|x86.ActiveCfg = Release|iPhone
		{A6798606-E4C9-4FCC-88A9-C86EA842516D}.Release|x86.Build.0 = Release|iPhone
		{A6798606-E4C9-4FCC-88A9-C86EA842516D}.Release|x86.Deploy.0 = Release|iPhone
		{A5E41137-E01C-4988-8C16-E3A5CF193736}.Ad-Hoc|Any CPU.ActiveCfg = Release|x86
		{A5E41137-E01C-4988-8C16-E3A5CF193736}.Ad-Hoc|Any CPU.Build.0 = Release|x86
		{A5E41137-E01C-4988-8C16-E3A5CF193736}.Ad-Hoc|Any CPU.Deploy.0 = Release|x86
		{A5E41137-E01C-4988-8C16-E3A5CF193736}.Ad-Hoc|ARM.ActiveCfg = Release|ARM
		{A5E41137-E01C-4988-8C16-E3A5CF193736}.Ad-Hoc|ARM.Build.0 = Release|ARM
		{A5E41137-E01C-4988-8C16-E3A5CF193736}.Ad-Hoc|ARM.Deploy.0 = Release|ARM
		{A5E41137-E01C-4988-8C16-E3A5CF193736}.Ad-Hoc|iPhone.ActiveCfg = Release|x86
		{A5E41137-E01C-4988-8C16-E3A5CF193736}.Ad-Hoc|iPhone.Build.0 = Release|x86
		{A5E41137-E01C-4988-8C16-E3A5CF193736}.Ad-Hoc|iPhone.Deploy.0 = Release|x86
		{A5E41137-E01C-4988-8C16-E3A5CF193736}.Ad-Hoc|iPhoneSimulator.ActiveCfg = Release|x86
		{A5E41137-E01C-4988-8C16-E3A5CF193736}.Ad-Hoc|iPhoneSimulator.Build.0 = Release|x86
		{A5E41137-E01C-4988-8C16-E3A5CF193736}.Ad-Hoc|iPhoneSimulator.Deploy.0 = Release|x86
		{A5E41137-E01C-4988-8C16-E3A5CF193736}.Ad-Hoc|x64.ActiveCfg = Release|x64
		{A5E41137-E01C-4988-8C16-E3A5CF193736}.Ad-Hoc|x64.Build.0 = Release|x64
		{A5E41137-E01C-4988-8C16-E3A5CF193736}.Ad-Hoc|x64.Deploy.0 = Release|x64
		{A5E41137-E01C-4988-8C16-E3A5CF193736}.Ad-Hoc|x86.ActiveCfg = Release|x86
		{A5E41137-E01C-4988-8C16-E3A5CF193736}.Ad-Hoc|x86.Build.0 = Release|x86
		{A5E41137-E01C-4988-8C16-E3A5CF193736}.Ad-Hoc|x86.Deploy.0 = Release|x86
		{A5E41137-E01C-4988-8C16-E3A5CF193736}.AppStore|Any CPU.ActiveCfg = Release|x86
		{A5E41137-E01C-4988-8C16-E3A5CF193736}.AppStore|Any CPU.Build.0 = Release|x86
		{A5E41137-E01C-4988-8C16-E3A5CF193736}.AppStore|Any CPU.Deploy.0 = Release|x86
		{A5E41137-E01C-4988-8C16-E3A5CF193736}.AppStore|ARM.ActiveCfg = Release|ARM
		{A5E41137-E01C-4988-8C16-E3A5CF193736}.AppStore|ARM.Build.0 = Release|ARM
		{A5E41137-E01C-4988-8C16-E3A5CF193736}.AppStore|ARM.Deploy.0 = Release|ARM
		{A5E41137-E01C-4988-8C16-E3A5CF193736}.AppStore|iPhone.ActiveCfg = Release|x86
		{A5E41137-E01C-4988-8C16-E3A5CF193736}.AppStore|iPhone.Build.0 = Release|x86
		{A5E41137-E01C-4988-8C16-E3A5CF193736}.AppStore|iPhone.Deploy.0 = Release|x86
		{A5E41137-E01C-4988-8C16-E3A5CF193736}.AppStore|iPhoneSimulator.ActiveCfg = Release|x86
		{A5E41137-E01C-4988-8C16-E3A5CF193736}.AppStore|iPhoneSimulator.Build.0 = Release|x86
		{A5E41137-E01C-4988-8C16-E3A5CF193736}.AppStore|iPhoneSimulator.Deploy.0 = Release|x86
		{A5E41137-E01C-4988-8C16-E3A5CF193736}.AppStore|x64.ActiveCfg = Release|x64
		{A5E41137-E01C-4988-8C16-E3A5CF193736}.AppStore|x64.Build.0 = Release|x64
		{A5E41137-E01C-4988-8C16-E3A5CF193736}.AppStore|x64.Deploy.0 = Release|x64
		{A5E41137-E01C-4988-8C16-E3A5CF193736}.AppStore|x86.ActiveCfg = Release|x86
		{A5E41137-E01C-4988-8C16-E3A5CF193736}.AppStore|x86.Build.0 = Release|x86
		{A5E41137-E01C-4988-8C16-E3A5CF193736}.AppStore|x86.Deploy.0 = Release|x86
		{A5E41137-E01C-4988-8C16-E3A5CF193736}.Debug|Any CPU.ActiveCfg = Debug|x86
		{A5E41137-E01C-4988-8C16-E3A5CF193736}.Debug|Any CPU.Build.0 = Debug|x86
		{A5E41137-E01C-4988-8C16-E3A5CF193736}.Debug|Any CPU.Deploy.0 = Debug|x86
		{A5E41137-E01C-4988-8C16-E3A5CF193736}.Debug|ARM.ActiveCfg = Debug|ARM
		{A5E41137-E01C-4988-8C16-E3A5CF193736}.Debug|ARM.Build.0 = Debug|ARM
		{A5E41137-E01C-4988-8C16-E3A5CF193736}.Debug|ARM.Deploy.0 = Debug|ARM
		{A5E41137-E01C-4988-8C16-E3A5CF193736}.Debug|iPhone.ActiveCfg = Debug|x86
		{A5E41137-E01C-4988-8C16-E3A5CF193736}.Debug|iPhone.Build.0 = Debug|x86
		{A5E41137-E01C-4988-8C16-E3A5CF193736}.Debug|iPhone.Deploy.0 = Debug|x86
		{A5E41137-E01C-4988-8C16-E3A5CF193736}.Debug|iPhoneSimulator.ActiveCfg = Debug|x86
		{A5E41137-E01C-4988-8C16-E3A5CF193736}.Debug|iPhoneSimulator.Build.0 = Debug|x86
		{A5E41137-E01C-4988-8C16-E3A5CF193736}.Debug|iPhoneSimulator.Deploy.0 = Debug|x86
		{A5E41137-E01C-4988-8C16-E3A5CF193736}.Debug|x64.ActiveCfg = Debug|x64
		{A5E41137-E01C-4988-8C16-E3A5CF193736}.Debug|x64.Build.0 = Debug|x64
		{A5E41137-E01C-4988-8C16-E3A5CF193736}.Debug|x64.Deploy.0 = Debug|x64
		{A5E41137-E01C-4988-8C16-E3A5CF193736}.Debug|x86.ActiveCfg = Debug|x86
		{A5E41137-E01C-4988-8C16-E3A5CF193736}.Debug|x86.Build.0 = Debug|x86
		{A5E41137-E01C-4988-8C16-E3A5CF193736}.Debug|x86.Deploy.0 = Debug|x86
		{A5E41137-E01C-4988-8C16-E3A5CF193736}.Release|Any CPU.ActiveCfg = Release|x86
		{A5E41137-E01C-4988-8C16-E3A5CF193736}.Release|Any CPU.Build.0 = Release|x86
		{A5E41137-E01C-4988-8C16-E3A5CF193736}.Release|Any CPU.Deploy.0 = Release|x86
		{A5E41137-E01C-4988-8C16-E3A5CF193736}.Release|ARM.ActiveCfg = Release|ARM
		{A5E41137-E01C-4988-8C16-E3A5CF193736}.Release|ARM.Build.0 = Release|ARM
		{A5E41137-E01C-4988-8C16-E3A5CF193736}.Release|ARM.Deploy.0 = Release|ARM
		{A5E41137-E01C-4988-8C16-E3A5CF193736}.Release|iPhone.ActiveCfg = Release|x86
		{A5E41137-E01C-4988-8C16-E3A5CF193736}.Release|iPhone.Build.0 = Release|x86
		{A5E41137-E01C-4988-8C16-E3A5CF193736}.Release|iPhone.Deploy.0 = Release|x86
		{A5E41137-E01C-4988-8C16-E3A5CF193736}.Release|iPhoneSimulator.ActiveCfg = Release|x86
		{A5E41137-E01C-4988-8C16-E3A5CF193736}.Release|iPhoneSimulator.Build.0 = Release|x86
		{A5E41137-E01C-4988-8C16-E3A5CF193736}.Release|iPhoneSimulator.Deploy.0 = Release|x86
		{A5E41137-E01C-4988-8C16-E3A5CF193736}.Release|x64.ActiveCfg = Release|x64
		{A5E41137-E01C-4988-8C16-E3A5CF193736}.Release|x64.Build.0 = Release|x64
		{A5E41137-E01C-4988-8C16-E3A5CF193736}.Release|x64.Deploy.0 = Release|x64
		{A5E41137-E01C-4988-8C16-E3A5CF193736}.Release|x86.ActiveCfg = Release|x86
		{A5E41137-E01C-4988-8C16-E3A5CF193736}.Release|x86.Build.0 = Release|x86
		{A5E41137-E01C-4988-8C16-E3A5CF193736}.Release|x86.Deploy.0 = Release|x86
		{05246F20-B442-44CA-81FF-E088F7CC9DB1}.Ad-Hoc|Any CPU.ActiveCfg = Debug|Any CPU
		{05246F20-B442-44CA-81FF-E088F7CC9DB1}.Ad-Hoc|Any CPU.Build.0 = Debug|Any CPU
		{05246F20-B442-44CA-81FF-E088F7CC9DB1}.Ad-Hoc|Any CPU.Deploy.0 = Debug|Any CPU
		{05246F20-B442-44CA-81FF-E088F7CC9DB1}.Ad-Hoc|ARM.ActiveCfg = Debug|Any CPU
		{05246F20-B442-44CA-81FF-E088F7CC9DB1}.Ad-Hoc|ARM.Build.0 = Debug|Any CPU
		{05246F20-B442-44CA-81FF-E088F7CC9DB1}.Ad-Hoc|ARM.Deploy.0 = Debug|Any CPU
		{05246F20-B442-44CA-81FF-E088F7CC9DB1}.Ad-Hoc|iPhone.ActiveCfg = Debug|Any CPU
		{05246F20-B442-44CA-81FF-E088F7CC9DB1}.Ad-Hoc|iPhone.Build.0 = Debug|Any CPU
		{05246F20-B442-44CA-81FF-E088F7CC9DB1}.Ad-Hoc|iPhone.Deploy.0 = Debug|Any CPU
		{05246F20-B442-44CA-81FF-E088F7CC9DB1}.Ad-Hoc|iPhoneSimulator.ActiveCfg = Debug|Any CPU
		{05246F20-B442-44CA-81FF-E088F7CC9DB1}.Ad-Hoc|iPhoneSimulator.Build.0 = Debug|Any CPU
		{05246F20-B442-44CA-81FF-E088F7CC9DB1}.Ad-Hoc|iPhoneSimulator.Deploy.0 = Debug|Any CPU
		{05246F20-B442-44CA-81FF-E088F7CC9DB1}.Ad-Hoc|x64.ActiveCfg = Debug|Any CPU
		{05246F20-B442-44CA-81FF-E088F7CC9DB1}.Ad-Hoc|x64.Build.0 = Debug|Any CPU
		{05246F20-B442-44CA-81FF-E088F7CC9DB1}.Ad-Hoc|x64.Deploy.0 = Debug|Any CPU
		{05246F20-B442-44CA-81FF-E088F7CC9DB1}.Ad-Hoc|x86.ActiveCfg = Debug|Any CPU
		{05246F20-B442-44CA-81FF-E088F7CC9DB1}.Ad-Hoc|x86.Build.0 = Debug|Any CPU
		{05246F20-B442-44CA-81FF-E088F7CC9DB1}.Ad-Hoc|x86.Deploy.0 = Debug|Any CPU
		{05246F20-B442-44CA-81FF-E088F7CC9DB1}.AppStore|Any CPU.ActiveCfg = Debug|Any CPU
		{05246F20-B442-44CA-81FF-E088F7CC9DB1}.AppStore|Any CPU.Build.0 = Debug|Any CPU
		{05246F20-B442-44CA-81FF-E088F7CC9DB1}.AppStore|Any CPU.Deploy.0 = Debug|Any CPU
		{05246F20-B442-44CA-81FF-E088F7CC9DB1}.AppStore|ARM.ActiveCfg = Debug|Any CPU
		{05246F20-B442-44CA-81FF-E088F7CC9DB1}.AppStore|ARM.Build.0 = Debug|Any CPU
		{05246F20-B442-44CA-81FF-E088F7CC9DB1}.AppStore|ARM.Deploy.0 = Debug|Any CPU
		{05246F20-B442-44CA-81FF-E088F7CC9DB1}.AppStore|iPhone.ActiveCfg = Debug|Any CPU
		{05246F20-B442-44CA-81FF-E088F7CC9DB1}.AppStore|iPhone.Build.0 = Debug|Any CPU
		{05246F20-B442-44CA-81FF-E088F7CC9DB1}.AppStore|iPhone.Deploy.0 = Debug|Any CPU
		{05246F20-B442-44CA-81FF-E088F7CC9DB1}.AppStore|iPhoneSimulator.ActiveCfg = Debug|Any CPU
		{05246F20-B442-44CA-81FF-E088F7CC9DB1}.AppStore|iPhoneSimulator.Build.0 = Debug|Any CPU
		{05246F20-B442-44CA-81FF-E088F7CC9DB1}.AppStore|iPhoneSimulator.Deploy.0 = Debug|Any CPU
		{05246F20-B442-44CA-81FF-E088F7CC9DB1}.AppStore|x64.ActiveCfg = Debug|Any CPU
		{05246F20-B442-44CA-81FF-E088F7CC9DB1}.AppStore|x64.Build.0 = Debug|Any CPU
		{05246F20-B442-44CA-81FF-E088F7CC9DB1}.AppStore|x64.Deploy.0 = Debug|Any CPU
		{05246F20-B442-44CA-81FF-E088F7CC9DB1}.AppStore|x86.ActiveCfg = Debug|Any CPU
		{05246F20-B442-44CA-81FF-E088F7CC9DB1}.AppStore|x86.Build.0 = Debug|Any CPU
		{05246F20-B442-44CA-81FF-E088F7CC9DB1}.AppStore|x86.Deploy.0 = Debug|Any CPU
		{05246F20-B442-44CA-81FF-E088F7CC9DB1}.Debug|Any CPU.ActiveCfg = Debug|Any CPU
		{05246F20-B442-44CA-81FF-E088F7CC9DB1}.Debug|Any CPU.Build.0 = Debug|Any CPU
		{05246F20-B442-44CA-81FF-E088F7CC9DB1}.Debug|Any CPU.Deploy.0 = Debug|Any CPU
		{05246F20-B442-44CA-81FF-E088F7CC9DB1}.Debug|ARM.ActiveCfg = Debug|Any CPU
		{05246F20-B442-44CA-81FF-E088F7CC9DB1}.Debug|ARM.Build.0 = Debug|Any CPU
		{05246F20-B442-44CA-81FF-E088F7CC9DB1}.Debug|ARM.Deploy.0 = Debug|Any CPU
		{05246F20-B442-44CA-81FF-E088F7CC9DB1}.Debug|iPhone.ActiveCfg = Debug|Any CPU
		{05246F20-B442-44CA-81FF-E088F7CC9DB1}.Debug|iPhone.Build.0 = Debug|Any CPU
		{05246F20-B442-44CA-81FF-E088F7CC9DB1}.Debug|iPhone.Deploy.0 = Debug|Any CPU
		{05246F20-B442-44CA-81FF-E088F7CC9DB1}.Debug|iPhoneSimulator.ActiveCfg = Debug|Any CPU
		{05246F20-B442-44CA-81FF-E088F7CC9DB1}.Debug|iPhoneSimulator.Build.0 = Debug|Any CPU
		{05246F20-B442-44CA-81FF-E088F7CC9DB1}.Debug|iPhoneSimulator.Deploy.0 = Debug|Any CPU
		{05246F20-B442-44CA-81FF-E088F7CC9DB1}.Debug|x64.ActiveCfg = Debug|Any CPU
		{05246F20-B442-44CA-81FF-E088F7CC9DB1}.Debug|x64.Build.0 = Debug|Any CPU
		{05246F20-B442-44CA-81FF-E088F7CC9DB1}.Debug|x64.Deploy.0 = Debug|Any CPU
		{05246F20-B442-44CA-81FF-E088F7CC9DB1}.Debug|x86.ActiveCfg = Debug|Any CPU
		{05246F20-B442-44CA-81FF-E088F7CC9DB1}.Debug|x86.Build.0 = Debug|Any CPU
		{05246F20-B442-44CA-81FF-E088F7CC9DB1}.Debug|x86.Deploy.0 = Debug|Any CPU
		{05246F20-B442-44CA-81FF-E088F7CC9DB1}.Release|Any CPU.ActiveCfg = Release|Any CPU
		{05246F20-B442-44CA-81FF-E088F7CC9DB1}.Release|Any CPU.Build.0 = Release|Any CPU
		{05246F20-B442-44CA-81FF-E088F7CC9DB1}.Release|Any CPU.Deploy.0 = Release|Any CPU
		{05246F20-B442-44CA-81FF-E088F7CC9DB1}.Release|ARM.ActiveCfg = Release|Any CPU
		{05246F20-B442-44CA-81FF-E088F7CC9DB1}.Release|ARM.Build.0 = Release|Any CPU
		{05246F20-B442-44CA-81FF-E088F7CC9DB1}.Release|ARM.Deploy.0 = Release|Any CPU
		{05246F20-B442-44CA-81FF-E088F7CC9DB1}.Release|iPhone.ActiveCfg = Release|Any CPU
		{05246F20-B442-44CA-81FF-E088F7CC9DB1}.Release|iPhone.Build.0 = Release|Any CPU
		{05246F20-B442-44CA-81FF-E088F7CC9DB1}.Release|iPhone.Deploy.0 = Release|Any CPU
		{05246F20-B442-44CA-81FF-E088F7CC9DB1}.Release|iPhoneSimulator.ActiveCfg = Release|Any CPU
		{05246F20-B442-44CA-81FF-E088F7CC9DB1}.Release|iPhoneSimulator.Build.0 = Release|Any CPU
		{05246F20-B442-44CA-81FF-E088F7CC9DB1}.Release|iPhoneSimulator.Deploy.0 = Release|Any CPU
		{05246F20-B442-44CA-81FF-E088F7CC9DB1}.Release|x64.ActiveCfg = Release|Any CPU
		{05246F20-B442-44CA-81FF-E088F7CC9DB1}.Release|x64.Build.0 = Release|Any CPU
		{05246F20-B442-44CA-81FF-E088F7CC9DB1}.Release|x64.Deploy.0 = Release|Any CPU
		{05246F20-B442-44CA-81FF-E088F7CC9DB1}.Release|x86.ActiveCfg = Release|Any CPU
		{05246F20-B442-44CA-81FF-E088F7CC9DB1}.Release|x86.Build.0 = Release|Any CPU
		{05246F20-B442-44CA-81FF-E088F7CC9DB1}.Release|x86.Deploy.0 = Release|Any CPU
	EndGlobalSection
	GlobalSection(SolutionProperties) = preSolution
		HideSolutionNode = FALSE
	EndGlobalSection
	GlobalSection(ExtensibilityGlobals) = postSolution
		SolutionGuid = {019CBCE0-583E-4F2B-908D-13A667CC42FF}
	EndGlobalSection
EndGlobal
